
Microsoft Visual Studio Solution File, Format Version 12.00
# Visual Studio Version 17
VisualStudioVersion = 17.5.33424.131
MinimumVisualStudioVersion = 10.0.40219.1
Project("{FAE04EC0-301F-11D3-BF4B-00C04F79EFBC}") = "TodoApiSqlServer1", "TodoApiSqlServer1\TodoApiSqlServer1.csproj", "{1D4DA69E-C6AB-4D79-B163-9F6F3341AF76}"
EndProject
Global
	GlobalSection(SolutionConfigurationPlatforms) = preSolution
		Debug|Any CPU = Debug|Any CPU
		Release|Any CPU = Release|Any CPU
	EndGlobalSection
	GlobalSection(ProjectConfigurationPlatforms) = postSolution
		{1D4DA69E-C6AB-4D79-B163-9F6F3341AF76}.Debug|Any CPU.ActiveCfg = Debug|Any CPU
		{1D4DA69E-C6AB-4D79-B163-9F6F3341AF76}.Debug|Any CPU.Build.0 = Debug|Any CPU
		{1D4DA69E-C6AB-4D79-B163-9F6F3341AF76}.Release|Any CPU.ActiveCfg = Release|Any CPU
		{1D4DA69E-C6AB-4D79-B163-9F6F3341AF76}.Release|Any CPU.Build.0 = Release|Any CPU
	EndGlobalSection
	GlobalSection(SolutionProperties) = preSolution
		HideSolutionNode = FALSE
	EndGlobalSection
	GlobalSection(ExtensibilityGlobals) = postSolution
		SolutionGuid = {56A713A8-9049-49C1-8F9E-31A573423718}
	EndGlobalSection
EndGlobal
